
Microsoft Visual Studio Solution File, Format Version 12.00
# Visual Studio Version 16
VisualStudioVersion = 16.0.30114.128
MinimumVisualStudioVersion = 15.0.26124.0
Project("{9A19103F-16F7-4668-BE54-9A1E7A4F7556}") = "MediatRDemo", "MediatRDemo\MediatRDemo.csproj", "{8C8852F3-5BE0-42EE-B3D2-0012AFC99567}"
EndProject
Project("{2150E333-8FDC-42A3-9474-1A3956D46DE8}") = "Solution Items", "Solution Items", "{74CFB665-694D-403B-BB15-0405ADF0FDF5}"
	ProjectSection(SolutionItems) = preProject
		.gitignore = .gitignore
		README.md = README.md
	EndProjectSection
EndProject
Project("{9A19103F-16F7-4668-BE54-9A1E7A4F7556}") = "MediatRDemo.Tests", "MediatRDemo.Tests\MediatRDemo.Tests.csproj", "{7ACE1880-21C5-4F5A-AEEF-26D5EAD76CB3}"
EndProject
Project("{E53339B2-1760-4266-BCC7-CA923CBCF16C}") = "docker-compose", "docker-compose.dcproj", "{709F7BDA-87CD-41AA-9FDF-94A10329F438}"
EndProject
Global
	GlobalSection(SolutionConfigurationPlatforms) = preSolution
		Debug|Any CPU = Debug|Any CPU
		Debug|x64 = Debug|x64
		Debug|x86 = Debug|x86
		Release|Any CPU = Release|Any CPU
		Release|x64 = Release|x64
		Release|x86 = Release|x86
	EndGlobalSection
	GlobalSection(ProjectConfigurationPlatforms) = postSolution
		{8C8852F3-5BE0-42EE-B3D2-0012AFC99567}.Debug|Any CPU.ActiveCfg = Debug|Any CPU
		{8C8852F3-5BE0-42EE-B3D2-0012AFC99567}.Debug|Any CPU.Build.0 = Debug|Any CPU
		{8C8852F3-5BE0-42EE-B3D2-0012AFC99567}.Debug|x64.ActiveCfg = Debug|Any CPU
		{8C8852F3-5BE0-42EE-B3D2-0012AFC99567}.Debug|x64.Build.0 = Debug|Any CPU
		{8C8852F3-5BE0-42EE-B3D2-0012AFC99567}.Debug|x86.ActiveCfg = Debug|Any CPU
		{8C8852F3-5BE0-42EE-B3D2-0012AFC99567}.Debug|x86.Build.0 = Debug|Any CPU
		{8C8852F3-5BE0-42EE-B3D2-0012AFC99567}.Release|Any CPU.ActiveCfg = Release|Any CPU
		{8C8852F3-5BE0-42EE-B3D2-0012AFC99567}.Release|Any CPU.Build.0 = Release|Any CPU
		{8C8852F3-5BE0-42EE-B3D2-0012AFC99567}.Release|x64.ActiveCfg = Release|Any CPU
		{8C8852F3-5BE0-42EE-B3D2-0012AFC99567}.Release|x64.Build.0 = Release|Any CPU
		{8C8852F3-5BE0-42EE-B3D2-0012AFC99567}.Release|x86.ActiveCfg = Release|Any CPU
		{8C8852F3-5BE0-42EE-B3D2-0012AFC99567}.Release|x86.Build.0 = Release|Any CPU
		{7ACE1880-21C5-4F5A-AEEF-26D5EAD76CB3}.Debug|Any CPU.ActiveCfg = Debug|Any CPU
		{7ACE1880-21C5-4F5A-AEEF-26D5EAD76CB3}.Debug|Any CPU.Build.0 = Debug|Any CPU
		{7ACE1880-21C5-4F5A-AEEF-26D5EAD76CB3}.Debug|x64.ActiveCfg = Debug|Any CPU
		{7ACE1880-21C5-4F5A-AEEF-26D5EAD76CB3}.Debug|x64.Build.0 = Debug|Any CPU
		{7ACE1880-21C5-4F5A-AEEF-26D5EAD76CB3}.Debug|x86.ActiveCfg = Debug|Any CPU
		{7ACE1880-21C5-4F5A-AEEF-26D5EAD76CB3}.Debug|x86.Build.0 = Debug|Any CPU
		{7ACE1880-21C5-4F5A-AEEF-26D5EAD76CB3}.Release|Any CPU.ActiveCfg = Release|Any CPU
		{7ACE1880-21C5-4F5A-AEEF-26D5EAD76CB3}.Release|Any CPU.Build.0 = Release|Any CPU
		{7ACE1880-21C5-4F5A-AEEF-26D5EAD76CB3}.Release|x64.ActiveCfg = Release|Any CPU
		{7ACE1880-21C5-4F5A-AEEF-26D5EAD76CB3}.Release|x64.Build.0 = Release|Any CPU
		{7ACE1880-21C5-4F5A-AEEF-26D5EAD76CB3}.Release|x86.ActiveCfg = Release|Any CPU
		{7ACE1880-21C5-4F5A-AEEF-26D5EAD76CB3}.Release|x86.Build.0 = Release|Any CPU
		{709F7BDA-87CD-41AA-9FDF-94A10329F438}.Debug|Any CPU.ActiveCfg = Debug|Any CPU
		{709F7BDA-87CD-41AA-9FDF-94A10329F438}.Debug|Any CPU.Build.0 = Debug|Any CPU
		{709F7BDA-87CD-41AA-9FDF-94A10329F438}.Debug|x64.ActiveCfg = Debug|Any CPU
		{709F7BDA-87CD-41AA-9FDF-94A10329F438}.Debug|x64.Build.0 = Debug|Any CPU
		{709F7BDA-87CD-41AA-9FDF-94A10329F438}.Debug|x86.ActiveCfg = Debug|Any CPU
		{709F7BDA-87CD-41AA-9FDF-94A10329F438}.Debug|x86.Build.0 = Debug|Any CPU
		{709F7BDA-87CD-41AA-9FDF-94A10329F438}.Release|Any CPU.ActiveCfg = Release|Any CPU
		{709F7BDA-87CD-41AA-9FDF-94A10329F438}.Release|Any CPU.Build.0 = Release|Any CPU
		{709F7BDA-87CD-41AA-9FDF-94A10329F438}.Release|x64.ActiveCfg = Release|Any CPU
		{709F7BDA-87CD-41AA-9FDF-94A10329F438}.Release|x64.Build.0 = Release|Any CPU
		{709F7BDA-87CD-41AA-9FDF-94A10329F438}.Release|x86.ActiveCfg = Release|Any CPU
		{709F7BDA-87CD-41AA-9FDF-94A10329F438}.Release|x86.Build.0 = Release|Any CPU
	EndGlobalSection
	GlobalSection(SolutionProperties) = preSolution
		HideSolutionNode = FALSE
	EndGlobalSection
	GlobalSection(ExtensibilityGlobals) = postSolution
		SolutionGuid = {41ED66F7-1D26-4869-B17E-87A5E7ADCC54}
	EndGlobalSection
EndGlobal
